
Microsoft Visual Studio Solution File, Format Version 12.00
# Visual Studio Version 17
VisualStudioVersion = 17.0.31903.59
MinimumVisualStudioVersion = 10.0.40219.1
Project("{2150E333-8FDC-42A3-9474-1A3956D46DE8}") = "src", "src", "{316E0F31-8FB3-475F-BA69-0369DC5CFB63}"
EndProject
Project("{FAE04EC0-301F-11D3-BF4B-00C04F79EFBC}") = "RaidmateBackend", "src\RaidmateBackend\RaidmateBackend.csproj", "{4777741A-E5C7-4289-ABD2-1EB452EB6AB4}"
EndProject
Project("{2150E333-8FDC-42A3-9474-1A3956D46DE8}") = "infrastructure", "infrastructure", "{A7F6D747-4B9F-4C8C-A7E3-419AFCB26787}"
EndProject
Project("{FAE04EC0-301F-11D3-BF4B-00C04F79EFBC}") = "Cdk", "infrastructure\Cdk\Cdk.csproj", "{C6DF3FAE-D3B5-4C4F-A1D8-1F04C0D5906C}"
EndProject
Global
	GlobalSection(SolutionConfigurationPlatforms) = preSolution
		Debug|Any CPU = Debug|Any CPU
		Release|Any CPU = Release|Any CPU
	EndGlobalSection
	GlobalSection(SolutionProperties) = preSolution
		HideSolutionNode = FALSE
	EndGlobalSection
	GlobalSection(ProjectConfigurationPlatforms) = postSolution
		{4777741A-E5C7-4289-ABD2-1EB452EB6AB4}.Debug|Any CPU.ActiveCfg = Debug|Any CPU
		{4777741A-E5C7-4289-ABD2-1EB452EB6AB4}.Debug|Any CPU.Build.0 = Debug|Any CPU
		{4777741A-E5C7-4289-ABD2-1EB452EB6AB4}.Release|Any CPU.ActiveCfg = Release|Any CPU
		{4777741A-E5C7-4289-ABD2-1EB452EB6AB4}.Release|Any CPU.Build.0 = Release|Any CPU
		{C6DF3FAE-D3B5-4C4F-A1D8-1F04C0D5906C}.Debug|Any CPU.ActiveCfg = Debug|Any CPU
		{C6DF3FAE-D3B5-4C4F-A1D8-1F04C0D5906C}.Debug|Any CPU.Build.0 = Debug|Any CPU
		{C6DF3FAE-D3B5-4C4F-A1D8-1F04C0D5906C}.Release|Any CPU.ActiveCfg = Release|Any CPU
		{C6DF3FAE-D3B5-4C4F-A1D8-1F04C0D5906C}.Release|Any CPU.Build.0 = Release|Any CPU
	EndGlobalSection
	GlobalSection(NestedProjects) = preSolution
		{4777741A-E5C7-4289-ABD2-1EB452EB6AB4} = {316E0F31-8FB3-475F-BA69-0369DC5CFB63}
		{C6DF3FAE-D3B5-4C4F-A1D8-1F04C0D5906C} = {A7F6D747-4B9F-4C8C-A7E3-419AFCB26787}
	EndGlobalSection
EndGlobal
